PODS:
  - Alamofire (4.1.0)
  - Realm (2.0.1):
    - Realm/Headers (= 2.0.1)
  - Realm/Headers (2.0.1)
  - RealmSwift (2.0.1):
    - Realm (= 2.0.1)
  - SwiftyJSON (3.1.0)

DEPENDENCIES:
  - Alamofire (~> 4.1)
  - RealmSwift (~> 2.0)
  - SwiftyJSON (~> 3.1)

SPEC CHECKSUMS:
  Alamofire: e266cf991b933498df791e645e0d8ac294492153
  Realm: 0557ee0e4ab4f0936c90e370056d1ed6265f93d6
  RealmSwift: 64e00af79bdcd7d2a7a23fdc1cb3faf22b80ae4c
  SwiftyJSON: 29b9f2a64f118c07e691667c2ba1efe536acfe0b

PODFILE CHECKSUM: 2761dc234d39f137c50fc46722a319935896b7a0

COCOAPODS: 1.1.0.rc.2
