// !$*UTF8*$!
{
	archiveVersion = 1;
	classes = {
	};
	objectVersion = 46;
	objects = {

/* Begin PBXBuildFile section */
		7D02E156B1CA37A9D6536465 /* Pods_PlayGame.framework in Frameworks */ = {isa = PBXBuildFile; fileRef = BB2F44734318FE11AAB7B558 /* Pods_PlayGame.framework */; };
		C41F75CB1DCB3129001B4548 /* CustomerData.swift in Sources */ = {isa = PBXBuildFile; fileRef = C41F75CA1DCB3129001B4548 /* CustomerData.swift */; };
		C45074F41DC2A070008B35D2 /* AppDelegate.swift in Sources */ = {isa = PBXBuildFile; fileRef = C45074F31DC2A070008B35D2 /* AppDelegate.swift */; };
		C45074F61DC2A070008B35D2 /* CalcsViewController.swift in Sources */ = {isa = PBXBuildFile; fileRef = C45074F51DC2A070008B35D2 /* CalcsViewController.swift */; };
		C45074F91DC2A070008B35D2 /* Main.storyboard in Resources */ = {isa = PBXBuildFile; fileRef = C45074F71DC2A070008B35D2 /* Main.storyboard */; };
		C45074FC1DC2A070008B35D2 /* PlayGame.xcdatamodeld in Sources */ = {isa = PBXBuildFile; fileRef = C45074FA1DC2A070008B35D2 /* PlayGame.xcdatamodeld */; };
		C45074FE1DC2A070008B35D2 /* Assets.xcassets in Resources */ = {isa = PBXBuildFile; fileRef = C45074FD1DC2A070008B35D2 /* Assets.xcassets */; };
		C47297491DCA505600E85F0E /* ManagerData.swift in Sources */ = {isa = PBXBuildFile; fileRef = C47297471DCA505600E85F0E /* ManagerData.swift */; };
		C472974A1DCA505600E85F0E /* CompanyData.swift in Sources */ = {isa = PBXBuildFile; fileRef = C47297481DCA505600E85F0E /* CompanyData.swift */; };
		C472974C1DCA733500E85F0E /* AsyncManager.swift in Sources */ = {isa = PBXBuildFile; fileRef = C472974B1DCA733500E85F0E /* AsyncManager.swift */; };
		C47F6BB31DCBF1E500B416B3 /* PurchaseData.swift in Sources */ = {isa = PBXBuildFile; fileRef = C47F6BB21DCBF1E500B416B3 /* PurchaseData.swift */; };
		C47F6BB51DCBF73A00B416B3 /* MyExt.swift in Sources */ = {isa = PBXBuildFile; fileRef = C47F6BB41DCBF73A00B416B3 /* MyExt.swift */; };
		C4AFECB01DC9031400AC1DC0 /* QRViewController.swift in Sources */ = {isa = PBXBuildFile; fileRef = C4AFECAF1DC9031400AC1DC0 /* QRViewController.swift */; };
		C4C3E88E1DD0B4E000B1364F /* ScoresTableViewController.swift in Sources */ = {isa = PBXBuildFile; fileRef = C4C3E88D1DD0B4E000B1364F /* ScoresTableViewController.swift */; };
		C4CCDBDA1DDE3FBD00D410D0 /* scan-qr.png in Resources */ = {isa = PBXBuildFile; fileRef = C4CCDBD91DDE3FBD00D410D0 /* scan-qr.png */; };
		C4CCDBDC1DDE478600D410D0 /* Gears-128.png in Resources */ = {isa = PBXBuildFile; fileRef = C4CCDBDB1DDE478600D410D0 /* Gears-128.png */; };
		C4CCDBDE1DDE54B600D410D0 /* FilePlist.swift in Sources */ = {isa = PBXBuildFile; fileRef = C4CCDBDD1DDE54B600D410D0 /* FilePlist.swift */; };
		C4CCDBE01DDE562000D410D0 /* SettingsViewController.swift in Sources */ = {isa = PBXBuildFile; fileRef = C4CCDBDF1DDE562000D410D0 /* SettingsViewController.swift */; };
		C4CCDBE21DDE657200D410D0 /* StartViewController.swift in Sources */ = {isa = PBXBuildFile; fileRef = C4CCDBE11DDE657200D410D0 /* StartViewController.swift */; };
/* End PBXBuildFile section */

/* Begin PBXFileReference section */
		3D4CBA62723F2E7D61F72CB4 /* Pods-PlayGame.release.xcconfig */ = {isa = PBXFileReference; includeInIndex = 1; lastKnownFileType = text.xcconfig; name = "Pods-PlayGame.release.xcconfig"; path = "Pods/Target Support Files/Pods-PlayGame/Pods-PlayGame.release.xcconfig"; sourceTree = "<group>"; };
		BB2F44734318FE11AAB7B558 /* Pods_PlayGame.framework */ = {isa = PBXFileReference; explicitFileType = wrapper.framework; includeInIndex = 0; path = Pods_PlayGame.framework; sourceTree = BUILT_PRODUCTS_DIR; };
		C41F75CA1DCB3129001B4548 /* CustomerData.swift */ = {isa = PBXFileReference; fileEncoding = 4; lastKnownFileType = sourcecode.swift; path = CustomerData.swift; sourceTree = "<group>"; };
		C45074F01DC2A070008B35D2 /* PlayGame.app */ = {isa = PBXFileReference; explicitFileType = wrapper.application; includeInIndex = 0; path = PlayGame.app; sourceTree = BUILT_PRODUCTS_DIR; };
		C45074F31DC2A070008B35D2 /* AppDelegate.swift */ = {isa = PBXFileReference; lastKnownFileType = sourcecode.swift; path = AppDelegate.swift; sourceTree = "<group>"; };
		C45074F51DC2A070008B35D2 /* CalcsViewController.swift */ = {isa = PBXFileReference; lastKnownFileType = sourcecode.swift; path = CalcsViewController.swift; sourceTree = "<group>"; };
		C45074F81DC2A070008B35D2 /* Base */ = {isa = PBXFileReference; lastKnownFileType = file.storyboard; name = Base; path = Base.lproj/Main.storyboard; sourceTree = "<group>"; };
		C45074FB1DC2A070008B35D2 /* PlayGame.xcdatamodel */ = {isa = PBXFileReference; lastKnownFileType = wrapper.xcdatamodel; path = PlayGame.xcdatamodel; sourceTree = "<group>"; };
		C45074FD1DC2A070008B35D2 /* Assets.xcassets */ = {isa = PBXFileReference; lastKnownFileType = folder.assetcatalog; path = Assets.xcassets; sourceTree = "<group>"; };
		C45075021DC2A070008B35D2 /* Info.plist */ = {isa = PBXFileReference; lastKnownFileType = text.plist.xml; path = Info.plist; sourceTree = "<group>"; };
		C47297471DCA505600E85F0E /* ManagerData.swift */ = {isa = PBXFileReference; fileEncoding = 4; lastKnownFileType = sourcecode.swift; path = ManagerData.swift; sourceTree = "<group>"; };
		C47297481DCA505600E85F0E /* CompanyData.swift */ = {isa = PBXFileReference; fileEncoding = 4; lastKnownFileType = sourcecode.swift; path = CompanyData.swift; sourceTree = "<group>"; };
		C472974B1DCA733500E85F0E /* AsyncManager.swift */ = {isa = PBXFileReference; fileEncoding = 4; lastKnownFileType = sourcecode.swift; path = AsyncManager.swift; sourceTree = "<group>"; };
		C47F6BB21DCBF1E500B416B3 /* PurchaseData.swift */ = {isa = PBXFileReference; fileEncoding = 4; lastKnownFileType = sourcecode.swift; path = PurchaseData.swift; sourceTree = "<group>"; };
		C47F6BB41DCBF73A00B416B3 /* MyExt.swift */ = {isa = PBXFileReference; fileEncoding = 4; lastKnownFileType = sourcecode.swift; path = MyExt.swift; sourceTree = "<group>"; };
		C4AFECAF1DC9031400AC1DC0 /* QRViewController.swift */ = {isa = PBXFileReference; fileEncoding = 4; lastKnownFileType = sourcecode.swift; path = QRViewController.swift; sourceTree = "<group>"; };
		C4C3E88D1DD0B4E000B1364F /* ScoresTableViewController.swift */ = {isa = PBXFileReference; fileEncoding = 4; lastKnownFileType = sourcecode.swift; path = ScoresTableViewController.swift; sourceTree = "<group>"; };
		C4CCDBD91DDE3FBD00D410D0 /* scan-qr.png */ = {isa = PBXFileReference; lastKnownFileType = image.png; path = "scan-qr.png"; sourceTree = "<group>"; };
		C4CCDBDB1DDE478600D410D0 /* Gears-128.png */ = {isa = PBXFileReference; lastKnownFileType = image.png; path = "Gears-128.png"; sourceTree = "<group>"; };
		C4CCDBDD1DDE54B600D410D0 /* FilePlist.swift */ = {isa = PBXFileReference; fileEncoding = 4; lastKnownFileType = sourcecode.swift; path = FilePlist.swift; sourceTree = "<group>"; };
		C4CCDBDF1DDE562000D410D0 /* SettingsViewController.swift */ = {isa = PBXFileReference; fileEncoding = 4; lastKnownFileType = sourcecode.swift; path = SettingsViewController.swift; sourceTree = "<group>"; };
		C4CCDBE11DDE657200D410D0 /* StartViewController.swift */ = {isa = PBXFileReference; fileEncoding = 4; lastKnownFileType = sourcecode.swift; path = StartViewController.swift; sourceTree = "<group>"; };
		D799556F574B0CD80BC7F609 /* Pods-PlayGame.debug.xcconfig */ = {isa = PBXFileReference; includeInIndex = 1; lastKnownFileType = text.xcconfig; name = "Pods-PlayGame.debug.xcconfig"; path = "Pods/Target Support Files/Pods-PlayGame/Pods-PlayGame.debug.xcconfig"; sourceTree = "<group>"; };
/* End PBXFileReference section */

/* Begin PBXFrameworksBuildPhase section */
		C45074ED1DC2A070008B35D2 /* Frameworks */ = {
			isa = PBXFrameworksBuildPhase;
			buildActionMask = 2147483647;
			files = (
				7D02E156B1CA37A9D6536465 /* Pods_PlayGame.framework in Frameworks */,
			);
			runOnlyForDeploymentPostprocessing = 0;
		};
/* End PBXFrameworksBuildPhase section */

/* Begin PBXGroup section */
		087CA3EE1461C6EE5904E5A4 /* Frameworks */ = {
			isa = PBXGroup;
			children = (
				BB2F44734318FE11AAB7B558 /* Pods_PlayGame.framework */,
			);
			name = Frameworks;
			sourceTree = "<group>";
		};
		7A6ADE7B75661DAA933B0679 /* Pods */ = {
			isa = PBXGroup;
			children = (
				D799556F574B0CD80BC7F609 /* Pods-PlayGame.debug.xcconfig */,
				3D4CBA62723F2E7D61F72CB4 /* Pods-PlayGame.release.xcconfig */,
			);
			name = Pods;
			sourceTree = "<group>";
		};
		C45074E71DC2A070008B35D2 = {
			isa = PBXGroup;
			children = (
				C45074F21DC2A070008B35D2 /* PlayGame */,
				C45074F11DC2A070008B35D2 /* Products */,
				7A6ADE7B75661DAA933B0679 /* Pods */,
				087CA3EE1461C6EE5904E5A4 /* Frameworks */,
			);
			sourceTree = "<group>";
		};
		C45074F11DC2A070008B35D2 /* Products */ = {
			isa = PBXGroup;
			children = (
				C45074F01DC2A070008B35D2 /* PlayGame.app */,
			);
			name = Products;
			sourceTree = "<group>";
		};
		C45074F21DC2A070008B35D2 /* PlayGame */ = {
			isa = PBXGroup;
			children = (
				C47297471DCA505600E85F0E /* ManagerData.swift */,
				C47F6BB41DCBF73A00B416B3 /* MyExt.swift */,
				C47297481DCA505600E85F0E /* CompanyData.swift */,
				C41F75CA1DCB3129001B4548 /* CustomerData.swift */,
				C47F6BB21DCBF1E500B416B3 /* PurchaseData.swift */,
				C45074F31DC2A070008B35D2 /* AppDelegate.swift */,
				C4AFECAF1DC9031400AC1DC0 /* QRViewController.swift */,
				C45074F51DC2A070008B35D2 /* CalcsViewController.swift */,
				C4C3E88D1DD0B4E000B1364F /* ScoresTableViewController.swift */,
				C4CCDBDF1DDE562000D410D0 /* SettingsViewController.swift */,
				C4CCDBDD1DDE54B600D410D0 /* FilePlist.swift */,
				C4CCDBE11DDE657200D410D0 /* StartViewController.swift */,
				C45074F71DC2A070008B35D2 /* Main.storyboard */,
				C45074FD1DC2A070008B35D2 /* Assets.xcassets */,
				C45075021DC2A070008B35D2 /* Info.plist */,
				C45074FA1DC2A070008B35D2 /* PlayGame.xcdatamodeld */,
				C472974B1DCA733500E85F0E /* AsyncManager.swift */,
				C4CCDBDB1DDE478600D410D0 /* Gears-128.png */,
				C4CCDBD91DDE3FBD00D410D0 /* scan-qr.png */,
			);
			path = PlayGame;
			sourceTree = "<group>";
		};
/* End PBXGroup section */

/* Begin PBXNativeTarget section */
		C45074EF1DC2A070008B35D2 /* PlayGame */ = {
			isa = PBXNativeTarget;
			buildConfigurationList = C45075051DC2A070008B35D2 /* Build configuration list for PBXNativeTarget "PlayGame" */;
			buildPhases = (
				71C2C6D30F8A28B6AD19011A /* [CP] Check Pods Manifest.lock */,
				C45074EC1DC2A070008B35D2 /* Sources */,
				C45074ED1DC2A070008B35D2 /* Frameworks */,
				C45074EE1DC2A070008B35D2 /* Resources */,
				D949FE9E74E84D99340FF217 /* [CP] Embed Pods Frameworks */,
				08B9CD40D3D4A84CF7CEDEBA /* [CP] Copy Pods Resources */,
			);
			buildRules = (
			);
			dependencies = (
			);
			name = PlayGame;
			productName = PlayGame;
			productReference = C45074F01DC2A070008B35D2 /* PlayGame.app */;
			productType = "com.apple.product-type.application";
		};
/* End PBXNativeTarget section */

/* Begin PBXProject section */
		C45074E81DC2A070008B35D2 /* Project object */ = {
			isa = PBXProject;
			attributes = {
				LastSwiftUpdateCheck = 0800;
				LastUpgradeCheck = 0800;
				ORGANIZATIONNAME = indio;
				TargetAttributes = {
					C45074EF1DC2A070008B35D2 = {
						CreatedOnToolsVersion = 8.0;
						DevelopmentTeam = JAJ58996GT;
						ProvisioningStyle = Automatic;
					};
				};
			};
			buildConfigurationList = C45074EB1DC2A070008B35D2 /* Build configuration list for PBXProject "PlayGame" */;
			compatibilityVersion = "Xcode 3.2";
			developmentRegion = English;
			hasScannedForEncodings = 0;
			knownRegions = (
				en,
				Base,
			);
			mainGroup = C45074E71DC2A070008B35D2;
			productRefGroup = C45074F11DC2A070008B35D2 /* Products */;
			projectDirPath = "";
			projectRoot = "";
			targets = (
				C45074EF1DC2A070008B35D2 /* PlayGame */,
			);
		};
/* End PBXProject section */

/* Begin PBXResourcesBuildPhase section */
		C45074EE1DC2A070008B35D2 /* Resources */ = {
			isa = PBXResourcesBuildPhase;
			buildActionMask = 2147483647;
			files = (
				C4CCDBDA1DDE3FBD00D410D0 /* scan-qr.png in Resources */,
				C45074FE1DC2A070008B35D2 /* Assets.xcassets in Resources */,
				C4CCDBDC1DDE478600D410D0 /* Gears-128.png in Resources */,
				C45074F91DC2A070008B35D2 /* Main.storyboard in Resources */,
			);
			runOnlyForDeploymentPostprocessing = 0;
		};
/* End PBXResourcesBuildPhase section */

/* Begin PBXShellScriptBuildPhase section */
		08B9CD40D3D4A84CF7CEDEBA /* [CP] Copy Pods Resources */ = {
			isa = PBXShellScriptBuildPhase;
			buildActionMask = 2147483647;
			files = (
			);
			inputPaths = (
			);
			name = "[CP] Copy Pods Resources";
			outputPaths = (
			);
			runOnlyForDeploymentPostprocessing = 0;
			shellPath = /bin/sh;
			shellScript = "\"${SRCROOT}/Pods/Target Support Files/Pods-PlayGame/Pods-PlayGame-resources.sh\"\n";
			showEnvVarsInLog = 0;
		};
		71C2C6D30F8A28B6AD19011A /* [CP] Check Pods Manifest.lock */ = {
			isa = PBXShellScriptBuildPhase;
			buildActionMask = 2147483647;
			files = (
			);
			inputPaths = (
			);
			name = "[CP] Check Pods Manifest.lock";
			outputPaths = (
			);
			runOnlyForDeploymentPostprocessing = 0;
			shellPath = /bin/sh;
			shellScript = "diff \"${PODS_ROOT}/../Podfile.lock\" \"${PODS_ROOT}/Manifest.lock\" > /dev/null\nif [ $? != 0 ] ; then\n    # print error to STDERR\n    echo \"error: The sandbox is not in sync with the Podfile.lock. Run 'pod install' or update your CocoaPods installation.\" >&2\n    exit 1\nfi\n";
			showEnvVarsInLog = 0;
		};
		D949FE9E74E84D99340FF217 /* [CP] Embed Pods Frameworks */ = {
			isa = PBXShellScriptBuildPhase;
			buildActionMask = 2147483647;
			files = (
			);
			inputPaths = (
			);
			name = "[CP] Embed Pods Frameworks";
			outputPaths = (
			);
			runOnlyForDeploymentPostprocessing = 0;
			shellPath = /bin/sh;
			shellScript = "\"${SRCROOT}/Pods/Target Support Files/Pods-PlayGame/Pods-PlayGame-frameworks.sh\"\n";
			showEnvVarsInLog = 0;
		};
/* End PBXShellScriptBuildPhase section */

/* Begin PBXSourcesBuildPhase section */
		C45074EC1DC2A070008B35D2 /* Sources */ = {
			isa = PBXSourcesBuildPhase;
			buildActionMask = 2147483647;
			files = (
				C47297491DCA505600E85F0E /* ManagerData.swift in Sources */,
				C4CCDBE21DDE657200D410D0 /* StartViewController.swift in Sources */,
				C41F75CB1DCB3129001B4548 /* CustomerData.swift in Sources */,
				C472974C1DCA733500E85F0E /* AsyncManager.swift in Sources */,
				C45074F61DC2A070008B35D2 /* CalcsViewController.swift in Sources */,
				C45074FC1DC2A070008B35D2 /* PlayGame.xcdatamodeld in Sources */,
				C47F6BB51DCBF73A00B416B3 /* MyExt.swift in Sources */,
				C47F6BB31DCBF1E500B416B3 /* PurchaseData.swift in Sources */,
				C472974A1DCA505600E85F0E /* CompanyData.swift in Sources */,
				C4C3E88E1DD0B4E000B1364F /* ScoresTableViewController.swift in Sources */,
				C45074F41DC2A070008B35D2 /* AppDelegate.swift in Sources */,
				C4CCDBE01DDE562000D410D0 /* SettingsViewController.swift in Sources */,
				C4CCDBDE1DDE54B600D410D0 /* FilePlist.swift in Sources */,
				C4AFECB01DC9031400AC1DC0 /* QRViewController.swift in Sources */,
			);
			runOnlyForDeploymentPostprocessing = 0;
		};
/* End PBXSourcesBuildPhase section */

/* Begin PBXVariantGroup section */
		C45074F71DC2A070008B35D2 /* Main.storyboard */ = {
			isa = PBXVariantGroup;
			children = (
				C45074F81DC2A070008B35D2 /* Base */,
			);
			name = Main.storyboard;
			sourceTree = "<group>";
		};
/* End PBXVariantGroup section */

/* Begin XCBuildConfiguration section */
		C45075031DC2A070008B35D2 /* Debug */ = {
			isa = XCBuildConfiguration;
			buildSettings = {
				ALWAYS_SEARCH_USER_PATHS = NO;
				CLANG_ANALYZER_NONNULL = YES;
				CLANG_CXX_LANGUAGE_STANDARD = "gnu++0x";
				CLANG_CXX_LIBRARY = "libc++";
				CLANG_ENABLE_MODULES = YES;
				CLANG_ENABLE_OBJC_ARC = YES;
				CLANG_WARN_BOOL_CONVERSION = YES;
				CLANG_WARN_CONSTANT_CONVERSION = YES;
				CLANG_WARN_DIRECT_OBJC_ISA_USAGE = YES_ERROR;
				CLANG_WARN_DOCUMENTATION_COMMENTS = YES;
				CLANG_WARN_EMPTY_BODY = YES;
				CLANG_WARN_ENUM_CONVERSION = YES;
				CLANG_WARN_INFINITE_RECURSION = YES;
				CLANG_WARN_INT_CONVERSION = YES;
				CLANG_WARN_OBJC_ROOT_CLASS = YES_ERROR;
				CLANG_WARN_SUSPICIOUS_MOVES = YES;
				CLANG_WARN_UNREACHABLE_CODE = YES;
				CLANG_WARN__DUPLICATE_METHOD_MATCH = YES;
				"CODE_SIGN_IDENTITY[sdk=iphoneos*]" = "iPhone Developer";
				COPY_PHASE_STRIP = NO;
				DEBUG_INFORMATION_FORMAT = dwarf;
				ENABLE_STRICT_OBJC_MSGSEND = YES;
				ENABLE_TESTABILITY = YES;
				GCC_C_LANGUAGE_STANDARD = gnu99;
				GCC_DYNAMIC_NO_PIC = NO;
				GCC_NO_COMMON_BLOCKS = YES;
				GCC_OPTIMIZATION_LEVEL = 0;
				GCC_PREPROCESSOR_DEFINITIONS = (
					"DEBUG=1",
					"$(inherited)",
				);
				GCC_WARN_64_TO_32_BIT_CONVERSION = YES;
				GCC_WARN_ABOUT_RETURN_TYPE = YES_ERROR;
				GCC_WARN_UNDECLARED_SELECTOR = YES;
				GCC_WARN_UNINITIALIZED_AUTOS = YES_AGGRESSIVE;
				GCC_WARN_UNUSED_FUNCTION = YES;
				GCC_WARN_UNUSED_VARIABLE = YES;
				IPHONEOS_DEPLOYMENT_TARGET = 10.0;
				MTL_ENABLE_DEBUG_INFO = YES;
				ONLY_ACTIVE_ARCH = YES;
				SDKROOT = iphoneos;
				SWIFT_ACTIVE_COMPILATION_CONDITIONS = DEBUG;
				SWIFT_OPTIMIZATION_LEVEL = "-Onone";
			};
			name = Debug;
		};
		C45075041DC2A070008B35D2 /* Release */ = {
			isa = XCBuildConfiguration;
			buildSettings = {
				ALWAYS_SEARCH_USER_PATHS = NO;
				CLANG_ANALYZER_NONNULL = YES;
				CLANG_CXX_LANGUAGE_STANDARD = "gnu++0x";
				CLANG_CXX_LIBRARY = "libc++";
				CLANG_ENABLE_MODULES = YES;
				CLANG_ENABLE_OBJC_ARC = YES;
				CLANG_WARN_BOOL_CONVERSION = YES;
				CLANG_WARN_CONSTANT_CONVERSION = YES;
				CLANG_WARN_DIRECT_OBJC_ISA_USAGE = YES_ERROR;
				CLANG_WARN_DOCUMENTATION_COMMENTS = YES;
				CLANG_WARN_EMPTY_BODY = YES;
				CLANG_WARN_ENUM_CONVERSION = YES;
				CLANG_WARN_INFINITE_RECURSION = YES;
				CLANG_WARN_INT_CONVERSION = YES;
				CLANG_WARN_OBJC_ROOT_CLASS = YES_ERROR;
				CLANG_WARN_SUSPICIOUS_MOVES = YES;
				CLANG_WARN_UNREACHABLE_CODE = YES;
				CLANG_WARN__DUPLICATE_METHOD_MATCH = YES;
				"CODE_SIGN_IDENTITY[sdk=iphoneos*]" = "iPhone Developer";
				COPY_PHASE_STRIP = NO;
				DEBUG_INFORMATION_FORMAT = "dwarf-with-dsym";
				ENABLE_NS_ASSERTIONS = NO;
				ENABLE_STRICT_OBJC_MSGSEND = YES;
				GCC_C_LANGUAGE_STANDARD = gnu99;
				GCC_NO_COMMON_BLOCKS = YES;
				GCC_WARN_64_TO_32_BIT_CONVERSION = YES;
				GCC_WARN_ABOUT_RETURN_TYPE = YES_ERROR;
				GCC_WARN_UNDECLARED_SELECTOR = YES;
				GCC_WARN_UNINITIALIZED_AUTOS = YES_AGGRESSIVE;
				GCC_WARN_UNUSED_FUNCTION = YES;
				GCC_WARN_UNUSED_VARIABLE = YES;
				IPHONEOS_DEPLOYMENT_TARGET = 10.0;
				MTL_ENABLE_DEBUG_INFO = NO;
				SDKROOT = iphoneos;
				SWIFT_OPTIMIZATION_LEVEL = "-Owholemodule";
				VALIDATE_PRODUCT = YES;
			};
			name = Release;
		};
		C45075061DC2A070008B35D2 /* Debug */ = {
			isa = XCBuildConfiguration;
			baseConfigurationReference = D799556F574B0CD80BC7F609 /* Pods-PlayGame.debug.xcconfig */;
			buildSettings = {
				ASSETCATALOG_COMPILER_APPICON_NAME = AppIcon;
				"CODE_SIGN_IDENTITY[sdk=iphoneos*]" = "iPhone Developer";
				DEVELOPMENT_TEAM = JAJ58996GT;
				INFOPLIST_FILE = PlayGame/Info.plist;
				IPHONEOS_DEPLOYMENT_TARGET = 8.0;
				LD_RUNPATH_SEARCH_PATHS = "$(inherited) @executable_path/Frameworks";
				PRODUCT_BUNDLE_IDENTIFIER = com.blclinic.gamecashier;
				PRODUCT_NAME = "$(TARGET_NAME)";
				PROVISIONING_PROFILE = "";
				PROVISIONING_PROFILE_SPECIFIER = "";
				SWIFT_VERSION = 3.0;
			};
			name = Debug;
		};
		C45075071DC2A070008B35D2 /* Release */ = {
			isa = XCBuildConfiguration;
			baseConfigurationReference = 3D4CBA62723F2E7D61F72CB4 /* Pods-PlayGame.release.xcconfig */;
			buildSettings = {
				ASSETCATALOG_COMPILER_APPICON_NAME = AppIcon;
				CODE_SIGN_IDENTITY = "iPhone Distribution: CARD QVC (JAJ58996GT)";
				"CODE_SIGN_IDENTITY[sdk=iphoneos*]" = "iPhone Developer";
				DEVELOPMENT_TEAM = JAJ58996GT;
				INFOPLIST_FILE = PlayGame/Info.plist;
				IPHONEOS_DEPLOYMENT_TARGET = 8.0;
				LD_RUNPATH_SEARCH_PATHS = "$(inherited) @executable_path/Frameworks";
				PRODUCT_BUNDLE_IDENTIFIER = com.blclinic.gamecashier;
				PRODUCT_NAME = "$(TARGET_NAME)";
				PROVISIONING_PROFILE = "";
				PROVISIONING_PROFILE_SPECIFIER = "";
				SWIFT_VERSION = 3.0;
			};
			name = Release;
		};
/* End XCBuildConfiguration section */

/* Begin XCConfigurationList section */
		C45074EB1DC2A070008B35D2 /* Build configuration list for PBXProject "PlayGame" */ = {
			isa = XCConfigurationList;
			buildConfigurations = (
				C45075031DC2A070008B35D2 /* Debug */,
				C45075041DC2A070008B35D2 /* Release */,
			);
			defaultConfigurationIsVisible = 0;
			defaultConfigurationName = Release;
		};
		C45075051DC2A070008B35D2 /* Build configuration list for PBXNativeTarget "PlayGame" */ = {
			isa = XCConfigurationList;
			buildConfigurations = (
				C45075061DC2A070008B35D2 /* Debug */,
				C45075071DC2A070008B35D2 /* Release */,
			);
			defaultConfigurationIsVisible = 0;
			defaultConfigurationName = Release;
		};
/* End XCConfigurationList section */

/* Begin XCVersionGroup section */
		C45074FA1DC2A070008B35D2 /* PlayGame.xcdatamodeld */ = {
			isa = XCVersionGroup;
			children = (
				C45074FB1DC2A070008B35D2 /* PlayGame.xcdatamodel */,
			);
			currentVersion = C45074FB1DC2A070008B35D2 /* PlayGame.xcdatamodel */;
			path = PlayGame.xcdatamodeld;
			sourceTree = "<group>";
			versionGroupType = wrapper.xcdatamodel;
		};
/* End XCVersionGroup section */
	};
	rootObject = C45074E81DC2A070008B35D2 /* Project object */;
}
